
Microsoft Visual Studio Solution File, Format Version 12.00
# Visual Studio Version 17
VisualStudioVersion = 17.9.34607.119
MinimumVisualStudioVersion = 10.0.40219.1
Project("{FAE04EC0-301F-11D3-BF4B-00C04F79EFBC}") = "CalculateSquare", "CalculateSquare\CalculateSquare.csproj", "{E52F3A06-350B-4F84-AA72-D70B5662C3FF}"
EndProject
Project("{FAE04EC0-301F-11D3-BF4B-00C04F79EFBC}") = "CalculateSquare.Tests", "CalculateSquare.Tests\CalculateSquare.Tests.csproj", "{04463DDA-FDE3-4B8D-BE76-4DD4BAB13DEB}"
EndProject
Global
	GlobalSection(SolutionConfigurationPlatforms) = preSolution
		Debug|Any CPU = Debug|Any CPU
		Release|Any CPU = Release|Any CPU
	EndGlobalSection
	GlobalSection(ProjectConfigurationPlatforms) = postSolution
		{E52F3A06-350B-4F84-AA72-D70B5662C3FF}.Debug|Any CPU.ActiveCfg = Debug|Any CPU
		{E52F3A06-350B-4F84-AA72-D70B5662C3FF}.Debug|Any CPU.Build.0 = Debug|Any CPU
		{E52F3A06-350B-4F84-AA72-D70B5662C3FF}.Release|Any CPU.ActiveCfg = Release|Any CPU
		{E52F3A06-350B-4F84-AA72-D70B5662C3FF}.Release|Any CPU.Build.0 = Release|Any CPU
		{04463DDA-FDE3-4B8D-BE76-4DD4BAB13DEB}.Debug|Any CPU.ActiveCfg = Debug|Any CPU
		{04463DDA-FDE3-4B8D-BE76-4DD4BAB13DEB}.Debug|Any CPU.Build.0 = Debug|Any CPU
		{04463DDA-FDE3-4B8D-BE76-4DD4BAB13DEB}.Release|Any CPU.ActiveCfg = Release|Any CPU
		{04463DDA-FDE3-4B8D-BE76-4DD4BAB13DEB}.Release|Any CPU.Build.0 = Release|Any CPU
	EndGlobalSection
	GlobalSection(SolutionProperties) = preSolution
		HideSolutionNode = FALSE
	EndGlobalSection
	GlobalSection(ExtensibilityGlobals) = postSolution
		SolutionGuid = {DD723F9A-AD0A-45CE-B902-A7411679C6E8}
	EndGlobalSection
EndGlobal
